
Microsoft Visual Studio Solution File, Format Version 12.00
# Visual Studio 15
VisualStudioVersion = 15.0.34112.143
MinimumVisualStudioVersion = 10.0.40219.1
Project("{FAE04EC0-301F-11D3-BF4B-00C04F79EFBC}") = "Kalash", "Kalash\Kalash.csproj", "{75BB63CB-319A-4344-8039-5BCAB1D84802}"
EndProject
Global
	GlobalSection(SolutionConfigurationPlatforms) = preSolution
		Debug|Any CPU = Debug|Any CPU
		Release|Any CPU = Release|Any CPU
	EndGlobalSection
	GlobalSection(ProjectConfigurationPlatforms) = postSolution
		{75BB63CB-319A-4344-8039-5BCAB1D84802}.Debug|Any CPU.ActiveCfg = Debug|Any CPU
		{75BB63CB-319A-4344-8039-5BCAB1D84802}.Debug|Any CPU.Build.0 = Debug|Any CPU
		{75BB63CB-319A-4344-8039-5BCAB1D84802}.Release|Any CPU.ActiveCfg = Release|Any CPU
		{75BB63CB-319A-4344-8039-5BCAB1D84802}.Release|Any CPU.Build.0 = Release|Any CPU
	EndGlobalSection
	GlobalSection(SolutionProperties) = preSolution
		HideSolutionNode = FALSE
	EndGlobalSection
	GlobalSection(ExtensibilityGlobals) = postSolution
		SolutionGuid = {9C875058-4BAF-4E8D-882D-E224DC2795D4}
	EndGlobalSection
EndGlobal
